
Microsoft Visual Studio Solution File, Format Version 12.00
# Visual Studio 14
VisualStudioVersion = 14.0.24720.0
MinimumVisualStudioVersion = 10.0.40219.1
Project("{FAE04EC0-301F-11D3-BF4B-00C04F79EFBC}") = "esim", "esim\esim.csproj", "{4A682B02-5F18-461A-B3C7-DC3F1A967180}"
EndProject
Project("{FAE04EC0-301F-11D3-BF4B-00C04F79EFBC}") = "PersonApp", "PersonApp\PersonApp.csproj", "{BB185D14-3C0A-4AD0-B550-7DD4F5260A0C}"
EndProject
Project("{FAE04EC0-301F-11D3-BF4B-00C04F79EFBC}") = "T1_Hissi", "T1_Hissi\T1_Hissi.csproj", "{B28224FE-8826-4C1B-9F40-0C5A08D19456}"
EndProject
Project("{FAE04EC0-301F-11D3-BF4B-00C04F79EFBC}") = "Radio", "D:\H8851\Demo04\radio\Radio.csproj", "{90C891F4-A58F-4547-9B0A-093E0ECFE8F4}"
EndProject
Project("{FAE04EC0-301F-11D3-BF4B-00C04F79EFBC}") = "T5_Radio", "T5_Radio\T5_Radio.csproj", "{1D75EF87-548D-4266-902E-644F8E4D7EA8}"
EndProject
Global
	GlobalSection(SolutionConfigurationPlatforms) = preSolution
		Debug|Any CPU = Debug|Any CPU
		Release|Any CPU = Release|Any CPU
	EndGlobalSection
	GlobalSection(ProjectConfigurationPlatforms) = postSolution
		{4A682B02-5F18-461A-B3C7-DC3F1A967180}.Debug|Any CPU.ActiveCfg = Debug|Any CPU
		{4A682B02-5F18-461A-B3C7-DC3F1A967180}.Debug|Any CPU.Build.0 = Debug|Any CPU
		{4A682B02-5F18-461A-B3C7-DC3F1A967180}.Release|Any CPU.ActiveCfg = Release|Any CPU
		{4A682B02-5F18-461A-B3C7-DC3F1A967180}.Release|Any CPU.Build.0 = Release|Any CPU
		{BB185D14-3C0A-4AD0-B550-7DD4F5260A0C}.Debug|Any CPU.ActiveCfg = Debug|Any CPU
		{BB185D14-3C0A-4AD0-B550-7DD4F5260A0C}.Debug|Any CPU.Build.0 = Debug|Any CPU
		{BB185D14-3C0A-4AD0-B550-7DD4F5260A0C}.Release|Any CPU.ActiveCfg = Release|Any CPU
		{BB185D14-3C0A-4AD0-B550-7DD4F5260A0C}.Release|Any CPU.Build.0 = Release|Any CPU
		{B28224FE-8826-4C1B-9F40-0C5A08D19456}.Debug|Any CPU.ActiveCfg = Debug|Any CPU
		{B28224FE-8826-4C1B-9F40-0C5A08D19456}.Debug|Any CPU.Build.0 = Debug|Any CPU
		{B28224FE-8826-4C1B-9F40-0C5A08D19456}.Release|Any CPU.ActiveCfg = Release|Any CPU
		{B28224FE-8826-4C1B-9F40-0C5A08D19456}.Release|Any CPU.Build.0 = Release|Any CPU
		{90C891F4-A58F-4547-9B0A-093E0ECFE8F4}.Debug|Any CPU.ActiveCfg = Debug|Any CPU
		{90C891F4-A58F-4547-9B0A-093E0ECFE8F4}.Debug|Any CPU.Build.0 = Debug|Any CPU
		{90C891F4-A58F-4547-9B0A-093E0ECFE8F4}.Release|Any CPU.ActiveCfg = Release|Any CPU
		{90C891F4-A58F-4547-9B0A-093E0ECFE8F4}.Release|Any CPU.Build.0 = Release|Any CPU
		{1D75EF87-548D-4266-902E-644F8E4D7EA8}.Debug|Any CPU.ActiveCfg = Debug|Any CPU
		{1D75EF87-548D-4266-902E-644F8E4D7EA8}.Debug|Any CPU.Build.0 = Debug|Any CPU
		{1D75EF87-548D-4266-902E-644F8E4D7EA8}.Release|Any CPU.ActiveCfg = Release|Any CPU
		{1D75EF87-548D-4266-902E-644F8E4D7EA8}.Release|Any CPU.Build.0 = Release|Any CPU
	EndGlobalSection
	GlobalSection(SolutionProperties) = preSolution
		HideSolutionNode = FALSE
	EndGlobalSection
EndGlobal
